// !$*UTF8*$!
{
	archiveVersion = 1;
	classes = {
	};
	objectVersion = 46;
	objects = {

/* Begin PBXBuildFile section */
		8363562C1FA06C5A0070260D /* AppDelegate.swift in Sources */ = {isa = PBXBuildFile; fileRef = 8363562B1FA06C5A0070260D /* AppDelegate.swift */; };
		8363562E1FA06C5A0070260D /* ViewController.swift in Sources */ = {isa = PBXBuildFile; fileRef = 8363562D1FA06C5A0070260D /* ViewController.swift */; };
		836356311FA06C5A0070260D /* Main.storyboard in Resources */ = {isa = PBXBuildFile; fileRef = 8363562F1FA06C5A0070260D /* Main.storyboard */; };
		836356331FA06C5A0070260D /* Assets.xcassets in Resources */ = {isa = PBXBuildFile; fileRef = 836356321FA06C5A0070260D /* Assets.xcassets */; };
		836356361FA06C5A0070260D /* LaunchScreen.storyboard in Resources */ = {isa = PBXBuildFile; fileRef = 836356341FA06C5A0070260D /* LaunchScreen.storyboard */; };
		836356411FA06C5A0070260D /* OpenLibraryJsonTests.swift in Sources */ = {isa = PBXBuildFile; fileRef = 836356401FA06C5A0070260D /* OpenLibraryJsonTests.swift */; };
/* End PBXBuildFile section */

/* Begin PBXContainerItemProxy section */
		8363563D1FA06C5A0070260D /* PBXContainerItemProxy */ = {
			isa = PBXContainerItemProxy;
			containerPortal = 836356201FA06C5A0070260D /* Project object */;
			proxyType = 1;
			remoteGlobalIDString = 836356271FA06C5A0070260D;
			remoteInfo = OpenLibraryJson;
		};
/* End PBXContainerItemProxy section */

/* Begin PBXFileReference section */
		836356281FA06C5A0070260D /* OpenLibraryJson.app */ = {isa = PBXFileReference; explicitFileType = wrapper.application; includeInIndex = 0; path = OpenLibraryJson.app; sourceTree = BUILT_PRODUCTS_DIR; };
		8363562B1FA06C5A0070260D /* AppDelegate.swift */ = {isa = PBXFileReference; lastKnownFileType = sourcecode.swift; path = AppDelegate.swift; sourceTree = "<group>"; };
		8363562D1FA06C5A0070260D /* ViewController.swift */ = {isa = PBXFileReference; lastKnownFileType = sourcecode.swift; path = ViewController.swift; sourceTree = "<group>"; };
		836356301FA06C5A0070260D /* Base */ = {isa = PBXFileReference; lastKnownFileType = file.storyboard; name = Base; path = Base.lproj/Main.storyboard; sourceTree = "<group>"; };
		836356321FA06C5A0070260D /* Assets.xcassets */ = {isa = PBXFileReference; lastKnownFileType = folder.assetcatalog; path = Assets.xcassets; sourceTree = "<group>"; };
		836356351FA06C5A0070260D /* Base */ = {isa = PBXFileReference; lastKnownFileType = file.storyboard; name = Base; path = Base.lproj/LaunchScreen.storyboard; sourceTree = "<group>"; };
		836356371FA06C5A0070260D /* Info.plist */ = {isa = PBXFileReference; lastKnownFileType = text.plist.xml; path = Info.plist; sourceTree = "<group>"; };
		8363563C1FA06C5A0070260D /* OpenLibraryJsonTests.xctest */ = {isa = PBXFileReference; explicitFileType = wrapper.cfbundle; includeInIndex = 0; path = OpenLibraryJsonTests.xctest; sourceTree = BUILT_PRODUCTS_DIR; };
		836356401FA06C5A0070260D /* OpenLibraryJsonTests.swift */ = {isa = PBXFileReference; lastKnownFileType = sourcecode.swift; path = OpenLibraryJsonTests.swift; sourceTree = "<group>"; };
		836356421FA06C5A0070260D /* Info.plist */ = {isa = PBXFileReference; lastKnownFileType = text.plist.xml; path = Info.plist; sourceTree = "<group>"; };
/* End PBXFileReference section */

/* Begin PBXFrameworksBuildPhase section */
		836356251FA06C5A0070260D /* Frameworks */ = {
			isa = PBXFrameworksBuildPhase;
			buildActionMask = 2147483647;
			files = (
			);
			runOnlyForDeploymentPostprocessing = 0;
		};
		836356391FA06C5A0070260D /* Frameworks */ = {
			isa = PBXFrameworksBuildPhase;
			buildActionMask = 2147483647;
			files = (
			);
			runOnlyForDeploymentPostprocessing = 0;
		};
/* End PBXFrameworksBuildPhase section */

/* Begin PBXGroup section */
		8363561F1FA06C5A0070260D = {
			isa = PBXGroup;
			children = (
				8363562A1FA06C5A0070260D /* OpenLibraryJson */,
				8363563F1FA06C5A0070260D /* OpenLibraryJsonTests */,
				836356291FA06C5A0070260D /* Products */,
			);
			sourceTree = "<group>";
		};
		836356291FA06C5A0070260D /* Products */ = {
			isa = PBXGroup;
			children = (
				836356281FA06C5A0070260D /* OpenLibraryJson.app */,
				8363563C1FA06C5A0070260D /* OpenLibraryJsonTests.xctest */,
			);
			name = Products;
			sourceTree = "<group>";
		};
		8363562A1FA06C5A0070260D /* OpenLibraryJson */ = {
			isa = PBXGroup;
			children = (
				8363562B1FA06C5A0070260D /* AppDelegate.swift */,
				8363562D1FA06C5A0070260D /* ViewController.swift */,
				8363562F1FA06C5A0070260D /* Main.storyboard */,
				836356321FA06C5A0070260D /* Assets.xcassets */,
				836356341FA06C5A0070260D /* LaunchScreen.storyboard */,
				836356371FA06C5A0070260D /* Info.plist */,
			);
			path = OpenLibraryJson;
			sourceTree = "<group>";
		};
		8363563F1FA06C5A0070260D /* OpenLibraryJsonTests */ = {
			isa = PBXGroup;
			children = (
				836356401FA06C5A0070260D /* OpenLibraryJsonTests.swift */,
				836356421FA06C5A0070260D /* Info.plist */,
			);
			path = OpenLibraryJsonTests;
			sourceTree = "<group>";
		};
/* End PBXGroup section */

/* Begin PBXNativeTarget section */
		836356271FA06C5A0070260D /* OpenLibraryJson */ = {
			isa = PBXNativeTarget;
			buildConfigurationList = 836356451FA06C5A0070260D /* Build configuration list for PBXNativeTarget "OpenLibraryJson" */;
			buildPhases = (
				836356241FA06C5A0070260D /* Sources */,
				836356251FA06C5A0070260D /* Frameworks */,
				836356261FA06C5A0070260D /* Resources */,
			);
			buildRules = (
			);
			dependencies = (
			);
			name = OpenLibraryJson;
			productName = OpenLibraryJson;
			productReference = 836356281FA06C5A0070260D /* OpenLibraryJson.app */;
			productType = "com.apple.product-type.application";
		};
		8363563B1FA06C5A0070260D /* OpenLibraryJsonTests */ = {
			isa = PBXNativeTarget;
			buildConfigurationList = 836356481FA06C5A0070260D /* Build configuration list for PBXNativeTarget "OpenLibraryJsonTests" */;
			buildPhases = (
				836356381FA06C5A0070260D /* Sources */,
				836356391FA06C5A0070260D /* Frameworks */,
				8363563A1FA06C5A0070260D /* Resources */,
			);
			buildRules = (
			);
			dependencies = (
				8363563E1FA06C5A0070260D /* PBXTargetDependency */,
			);
			name = OpenLibraryJsonTests;
			productName = OpenLibraryJsonTests;
			productReference = 8363563C1FA06C5A0070260D /* OpenLibraryJsonTests.xctest */;
			productType = "com.apple.product-type.bundle.unit-test";
		};
/* End PBXNativeTarget section */

/* Begin PBXProject section */
		836356201FA06C5A0070260D /* Project object */ = {
			isa = PBXProject;
			attributes = {
				LastSwiftUpdateCheck = 0830;
				LastUpgradeCheck = 0830;
				ORGANIZATIONNAME = palauturf;
				TargetAttributes = {
					836356271FA06C5A0070260D = {
						CreatedOnToolsVersion = 8.3.3;
						DevelopmentTeam = JLMW7WJ8B5;
						ProvisioningStyle = Automatic;
					};
					8363563B1FA06C5A0070260D = {
						CreatedOnToolsVersion = 8.3.3;
						DevelopmentTeam = JLMW7WJ8B5;
						ProvisioningStyle = Automatic;
						TestTargetID = 836356271FA06C5A0070260D;
					};
				};
			};
			buildConfigurationList = 836356231FA06C5A0070260D /* Build configuration list for PBXProject "OpenLibraryJson" */;
			compatibilityVersion = "Xcode 3.2";
			developmentRegion = English;
			hasScannedForEncodings = 0;
			knownRegions = (
				en,
				Base,
			);
			mainGroup = 8363561F1FA06C5A0070260D;
			productRefGroup = 836356291FA06C5A0070260D /* Products */;
			projectDirPath = "";
			projectRoot = "";
			targets = (
				836356271FA06C5A0070260D /* OpenLibraryJson */,
				8363563B1FA06C5A0070260D /* OpenLibraryJsonTests */,
			);
		};
/* End PBXProject section */

/* Begin PBXResourcesBuildPhase section */
		836356261FA06C5A0070260D /* Resources */ = {
			isa = PBXResourcesBuildPhase;
			buildActionMask = 2147483647;
			files = (
				836356361FA06C5A0070260D /* LaunchScreen.storyboard in Resources */,
				836356331FA06C5A0070260D /* Assets.xcassets in Resources */,
				836356311FA06C5A0070260D /* Main.storyboard in Resources */,
			);
			runOnlyForDeploymentPostprocessing = 0;
		};
		8363563A1FA06C5A0070260D /* Resources */ = {
			isa = PBXResourcesBuildPhase;
			buildActionMask = 2147483647;
			files = (
			);
			runOnlyForDeploymentPostprocessing = 0;
		};
/* End PBXResourcesBuildPhase section */

/* Begin PBXSourcesBuildPhase section */
		836356241FA06C5A0070260D /* Sources */ = {
			isa = PBXSourcesBuildPhase;
			buildActionMask = 2147483647;
			files = (
				8363562E1FA06C5A0070260D /* ViewController.swift in Sources */,
				8363562C1FA06C5A0070260D /* AppDelegate.swift in Sources */,
			);
			runOnlyForDeploymentPostprocessing = 0;
		};
		836356381FA06C5A0070260D /* Sources */ = {
			isa = PBXSourcesBuildPhase;
			buildActionMask = 2147483647;
			files = (
				836356411FA06C5A0070260D /* OpenLibraryJsonTests.swift in Sources */,
			);
			runOnlyForDeploymentPostprocessing = 0;
		};
/* End PBXSourcesBuildPhase section */

/* Begin PBXTargetDependency section */
		8363563E1FA06C5A0070260D /* PBXTargetDependency */ = {
			isa = PBXTargetDependency;
			target = 836356271FA06C5A0070260D /* OpenLibraryJson */;
			targetProxy = 8363563D1FA06C5A0070260D /* PBXContainerItemProxy */;
		};
/* End PBXTargetDependency section */

/* Begin PBXVariantGroup section */
		8363562F1FA06C5A0070260D /* Main.storyboard */ = {
			isa = PBXVariantGroup;
			children = (
				836356301FA06C5A0070260D /* Base */,
			);
			name = Main.storyboard;
			sourceTree = "<group>";
		};
		836356341FA06C5A0070260D /* LaunchScreen.storyboard */ = {
			isa = PBXVariantGroup;
			children = (
				836356351FA06C5A0070260D /* Base */,
			);
			name = LaunchScreen.storyboard;
			sourceTree = "<group>";
		};
/* End PBXVariantGroup section */

/* Begin XCBuildConfiguration section */
		836356431FA06C5A0070260D /* Debug */ = {
			isa = XCBuildConfiguration;
			buildSettings = {
				ALWAYS_SEARCH_USER_PATHS = NO;
				CLANG_ANALYZER_NONNULL = YES;
				CLANG_ANALYZER_NUMBER_OBJECT_CONVERSION = YES_AGGRESSIVE;
				CLANG_CXX_LANGUAGE_STANDARD = "gnu++0x";
				CLANG_CXX_LIBRARY = "libc++";
				CLANG_ENABLE_MODULES = YES;
				CLANG_ENABLE_OBJC_ARC = YES;
				CLANG_WARN_BOOL_CONVERSION = YES;
				CLANG_WARN_CONSTANT_CONVERSION = YES;
				CLANG_WARN_DIRECT_OBJC_ISA_USAGE = YES_ERROR;
				CLANG_WARN_DOCUMENTATION_COMMENTS = YES;
				CLANG_WARN_EMPTY_BODY = YES;
				CLANG_WARN_ENUM_CONVERSION = YES;
				CLANG_WARN_INFINITE_RECURSION = YES;
				CLANG_WARN_INT_CONVERSION = YES;
				CLANG_WARN_OBJC_ROOT_CLASS = YES_ERROR;
				CLANG_WARN_SUSPICIOUS_MOVE = YES;
				CLANG_WARN_UNREACHABLE_CODE = YES;
				CLANG_WARN__DUPLICATE_METHOD_MATCH = YES;
				"CODE_SIGN_IDENTITY[sdk=iphoneos*]" = "iPhone Developer";
				COPY_PHASE_STRIP = NO;
				DEBUG_INFORMATION_FORMAT = dwarf;
				ENABLE_STRICT_OBJC_MSGSEND = YES;
				ENABLE_TESTABILITY = YES;
				GCC_C_LANGUAGE_STANDARD = gnu99;
				GCC_DYNAMIC_NO_PIC = NO;
				GCC_NO_COMMON_BLOCKS = YES;
				GCC_OPTIMIZATION_LEVEL = 0;
				GCC_PREPROCESSOR_DEFINITIONS = (
					"DEBUG=1",
					"$(inherited)",
				);
				GCC_WARN_64_TO_32_BIT_CONVERSION = YES;
				GCC_WARN_ABOUT_RETURN_TYPE = YES_ERROR;
				GCC_WARN_UNDECLARED_SELECTOR = YES;
				GCC_WARN_UNINITIALIZED_AUTOS = YES_AGGRESSIVE;
				GCC_WARN_UNUSED_FUNCTION = YES;
				GCC_WARN_UNUSED_VARIABLE = YES;
				IPHONEOS_DEPLOYMENT_TARGET = 10.3;
				MTL_ENABLE_DEBUG_INFO = YES;
				ONLY_ACTIVE_ARCH = YES;
				SDKROOT = iphoneos;
				SWIFT_ACTIVE_COMPILATION_CONDITIONS = DEBUG;
				SWIFT_OPTIMIZATION_LEVEL = "-Onone";
				TARGETED_DEVICE_FAMILY = "1,2";
			};
			name = Debug;
		};
		836356441FA06C5A0070260D /* Release */ = {
			isa = XCBuildConfiguration;
			buildSettings = {
				ALWAYS_SEARCH_USER_PATHS = NO;
				CLANG_ANALYZER_NONNULL = YES;
				CLANG_ANALYZER_NUMBER_OBJECT_CONVERSION = YES_AGGRESSIVE;
				CLANG_CXX_LANGUAGE_STANDARD = "gnu++0x";
				CLANG_CXX_LIBRARY = "libc++";
				CLANG_ENABLE_MODULES = YES;
				CLANG_ENABLE_OBJC_ARC = YES;
				CLANG_WARN_BOOL_CONVERSION = YES;
				CLANG_WARN_CONSTANT_CONVERSION = YES;
				CLANG_WARN_DIRECT_OBJC_ISA_USAGE = YES_ERROR;
				CLANG_WARN_DOCUMENTATION_COMMENTS = YES;
				CLANG_WARN_EMPTY_BODY = YES;
				CLANG_WARN_ENUM_CONVERSION = YES;
				CLANG_WARN_INFINITE_RECURSION = YES;
				CLANG_WARN_INT_CONVERSION = YES;
				CLANG_WARN_OBJC_ROOT_CLASS = YES_ERROR;
				CLANG_WARN_SUSPICIOUS_MOVE = YES;
				CLANG_WARN_UNREACHABLE_CODE = YES;
				CLANG_WARN__DUPLICATE_METHOD_MATCH = YES;
				"CODE_SIGN_IDENTITY[sdk=iphoneos*]" = "iPhone Developer";
				COPY_PHASE_STRIP = NO;
				DEBUG_INFORMATION_FORMAT = "dwarf-with-dsym";
				ENABLE_NS_ASSERTIONS = NO;
				ENABLE_STRICT_OBJC_MSGSEND = YES;
				GCC_C_LANGUAGE_STANDARD = gnu99;
				GCC_NO_COMMON_BLOCKS = YES;
				GCC_WARN_64_TO_32_BIT_CONVERSION = YES;
				GCC_WARN_ABOUT_RETURN_TYPE = YES_ERROR;
				GCC_WARN_UNDECLARED_SELECTOR = YES;
				GCC_WARN_UNINITIALIZED_AUTOS = YES_AGGRESSIVE;
				GCC_WARN_UNUSED_FUNCTION = YES;
				GCC_WARN_UNUSED_VARIABLE = YES;
				IPHONEOS_DEPLOYMENT_TARGET = 10.3;
				MTL_ENABLE_DEBUG_INFO = NO;
				SDKROOT = iphoneos;
				SWIFT_OPTIMIZATION_LEVEL = "-Owholemodule";
				TARGETED_DEVICE_FAMILY = "1,2";
				VALIDATE_PRODUCT = YES;
			};
			name = Release;
		};
		836356461FA06C5A0070260D /* Debug */ = {
			isa = XCBuildConfiguration;
			buildSettings = {
				ASSETCATALOG_COMPILER_APPICON_NAME = AppIcon;
				DEVELOPMENT_TEAM = JLMW7WJ8B5;
				INFOPLIST_FILE = OpenLibraryJson/Info.plist;
				LD_RUNPATH_SEARCH_PATHS = "$(inherited) @executable_path/Frameworks";
				PRODUCT_BUNDLE_IDENTIFIER = com.palauturf.OpenLibraryJson;
				PRODUCT_NAME = "$(TARGET_NAME)";
				SWIFT_VERSION = 3.0;
			};
			name = Debug;
		};
		836356471FA06C5A0070260D /* Release */ = {
			isa = XCBuildConfiguration;
			buildSettings = {
				ASSETCATALOG_COMPILER_APPICON_NAME = AppIcon;
				DEVELOPMENT_TEAM = JLMW7WJ8B5;
				INFOPLIST_FILE = OpenLibraryJson/Info.plist;
				LD_RUNPATH_SEARCH_PATHS = "$(inherited) @executable_path/Frameworks";
				PRODUCT_BUNDLE_IDENTIFIER = com.palauturf.OpenLibraryJson;
				PRODUCT_NAME = "$(TARGET_NAME)";
				SWIFT_VERSION = 3.0;
			};
			name = Release;
		};
		836356491FA06C5A0070260D /* Debug */ = {
			isa = XCBuildConfiguration;
			buildSettings = {
				ALWAYS_EMBED_SWIFT_STANDARD_LIBRARIES = YES;
				BUNDLE_LOADER = "$(TEST_HOST)";
				DEVELOPMENT_TEAM = JLMW7WJ8B5;
				INFOPLIST_FILE = OpenLibraryJsonTests/Info.plist;
				LD_RUNPATH_SEARCH_PATHS = "$(inherited) @executable_path/Frameworks @loader_path/Frameworks";
				PRODUCT_BUNDLE_IDENTIFIER = com.palauturf.OpenLibraryJsonTests;
				PRODUCT_NAME = "$(TARGET_NAME)";
				SWIFT_VERSION = 3.0;
				TEST_HOST = "$(BUILT_PRODUCTS_DIR)/OpenLibraryJson.app/OpenLibraryJson";
			};
			name = Debug;
		};
		8363564A1FA06C5A0070260D /* Release */ = {
			isa = XCBuildConfiguration;
			buildSettings = {
				ALWAYS_EMBED_SWIFT_STANDARD_LIBRARIES = YES;
				BUNDLE_LOADER = "$(TEST_HOST)";
				DEVELOPMENT_TEAM = JLMW7WJ8B5;
				INFOPLIST_FILE = OpenLibraryJsonTests/Info.plist;
				LD_RUNPATH_SEARCH_PATHS = "$(inherited) @executable_path/Frameworks @loader_path/Frameworks";
				PRODUCT_BUNDLE_IDENTIFIER = com.palauturf.OpenLibraryJsonTests;
				PRODUCT_NAME = "$(TARGET_NAME)";
				SWIFT_VERSION = 3.0;
				TEST_HOST = "$(BUILT_PRODUCTS_DIR)/OpenLibraryJson.app/OpenLibraryJson";
			};
			name = Release;
		};
/* End XCBuildConfiguration section */

/* Begin XCConfigurationList section */
		836356231FA06C5A0070260D /* Build configuration list for PBXProject "OpenLibraryJson" */ = {
			isa = XCConfigurationList;
			buildConfigurations = (
				836356431FA06C5A0070260D /* Debug */,
				836356441FA06C5A0070260D /* Release */,
			);
			defaultConfigurationIsVisible = 0;
			defaultConfigurationName = Release;
		};
		836356451FA06C5A0070260D /* Build configuration list for PBXNativeTarget "OpenLibraryJson" */ = {
			isa = XCConfigurationList;
			buildConfigurations = (
				836356461FA06C5A0070260D /* Debug */,
				836356471FA06C5A0070260D /* Release */,
			);
			defaultConfigurationIsVisible = 0;
		};
		836356481FA06C5A0070260D /* Build configuration list for PBXNativeTarget "OpenLibraryJsonTests" */ = {
			isa = XCConfigurationList;
			buildConfigurations = (
				836356491FA06C5A0070260D /* Debug */,
				8363564A1FA06C5A0070260D /* Release */,
			);
			defaultConfigurationIsVisible = 0;
		};
/* End XCConfigurationList section */
	};
	rootObject = 836356201FA06C5A0070260D /* Project object */;
}
